{
  "requires": true,
  "lockfileVersion": 1,
  "dependencies": {
    "three": {
      "version": "0.132.0",
      "resolved": "https://registry.npmjs.org/three/-/three-0.132.0.tgz",
      "integrity": "sha512-kv4WeP3O5/8mcHyuGYnqBQYdEfzSz9kEkq4H/9J966epNlGSVJ8gYC3SwT9qIITdgC0OvLr3zPltCS4dUyg2eg=="
    }
  }
}
